
Microsoft Visual Studio Solution File, Format Version 12.00
# Visual Studio 15
Project("{FAE04EC0-301F-11D3-BF4B-00C04F79EFBC}") = "Kyu_6", "Kyu_6\Kyu_6.csproj", "{2827B881-E88B-497A-AFE7-B97B3C3F611B}"
EndProject
Global
	GlobalSection(SolutionConfigurationPlatforms) = preSolution
		Debug|Any CPU = Debug|Any CPU
		Release|Any CPU = Release|Any CPU
	EndGlobalSection
	GlobalSection(ProjectConfigurationPlatforms) = postSolution
		{2827B881-E88B-497A-AFE7-B97B3C3F611B}.Debug|Any CPU.ActiveCfg = Debug|Any CPU
		{2827B881-E88B-497A-AFE7-B97B3C3F611B}.Debug|Any CPU.Build.0 = Debug|Any CPU
		{2827B881-E88B-497A-AFE7-B97B3C3F611B}.Release|Any CPU.ActiveCfg = Release|Any CPU
		{2827B881-E88B-497A-AFE7-B97B3C3F611B}.Release|Any CPU.Build.0 = Release|Any CPU
	EndGlobalSection
EndGlobal
